
Microsoft Visual Studio Solution File, Format Version 12.00
# Visual Studio 15
VisualStudioVersion = 15.0.28307.539
MinimumVisualStudioVersion = 10.0.40219.1
Project("{FAE04EC0-301F-11D3-BF4B-00C04F79EFBC}") = "zCompany.Utilities", "zCompany.Utilities\zCompany.Utilities.csproj", "{4F1398D4-3ED2-4283-B2D5-139C64D12E53}"
EndProject
Project("{FAE04EC0-301F-11D3-BF4B-00C04F79EFBC}") = "zCompany.Windows.Charts", "zCompany.Windows.Charts\zCompany.Windows.Charts.csproj", "{FE0CFD7C-29E8-4181-89FD-A3724DA02D37}"
EndProject
Project("{FAE04EC0-301F-11D3-BF4B-00C04F79EFBC}") = "zCompany.TaskAide.Core", "zCompany.TaskAide.Core\zCompany.TaskAide.Core.csproj", "{EFC66CC4-3339-403D-9436-8896891C3AF8}"
EndProject
Project("{FAE04EC0-301F-11D3-BF4B-00C04F79EFBC}") = "zCompany.TaskAide.WindowsApp", "zCompany.TaskAide.WindowsApp\zCompany.TaskAide.WindowsApp.csproj", "{47431F43-3FB4-4677-BB54-3E931FB999ED}"
EndProject
Project("{FAE04EC0-301F-11D3-BF4B-00C04F79EFBC}") = "zCompany.TaskAide.CoreTests", "zCompany.TaskAide.CoreTests\zCompany.TaskAide.CoreTests.csproj", "{BA5C60BC-A43F-41A8-B372-FA32433E4D7A}"
EndProject
Project("{FAE04EC0-301F-11D3-BF4B-00C04F79EFBC}") = "zCompany.TaskAide.UiTests", "zCompany.TaskAide.UiTests\zCompany.TaskAide.UiTests.csproj", "{0F315EEA-CFCA-4C52-AE4F-D37F71014975}"
	ProjectSection(ProjectDependencies) = postProject
		{47431F43-3FB4-4677-BB54-3E931FB999ED} = {47431F43-3FB4-4677-BB54-3E931FB999ED}
	EndProjectSection
EndProject
Project("{2150E333-8FDC-42A3-9474-1A3956D46DE8}") = "Libraries", "Libraries", "{BB0BBDE2-150F-4D31-A257-D9545BF5F8CD}"
EndProject
Project("{2150E333-8FDC-42A3-9474-1A3956D46DE8}") = "Tests", "Tests", "{5F00412C-9E43-486B-94FF-43426788BBA5}"
EndProject
Project("{FAE04EC0-301F-11D3-BF4B-00C04F79EFBC}") = "zCompany.UiAutomation", "zCompany.UiAutomation\zCompany.UiAutomation.csproj", "{0EF95E78-790B-4E20-B06E-ADA023EAAF4C}"
EndProject
Project("{FAE04EC0-301F-11D3-BF4B-00C04F79EFBC}") = "zCompany.UnitTestExtensions", "zCompany.UnitTestExtensions\zCompany.UnitTestExtensions.csproj", "{F64D6BFC-383D-45A9-834F-F4F267373772}"
EndProject
Global
	GlobalSection(SolutionConfigurationPlatforms) = preSolution
		Debug|Any CPU = Debug|Any CPU
		Debug|ARM = Debug|ARM
		Debug|ARM64 = Debug|ARM64
		Debug|x64 = Debug|x64
		Debug|x86 = Debug|x86
		Release|Any CPU = Release|Any CPU
		Release|ARM = Release|ARM
		Release|ARM64 = Release|ARM64
		Release|x64 = Release|x64
		Release|x86 = Release|x86
	EndGlobalSection
	GlobalSection(ProjectConfigurationPlatforms) = postSolution
		{4F1398D4-3ED2-4283-B2D5-139C64D12E53}.Debug|Any CPU.ActiveCfg = Debug|Any CPU
		{4F1398D4-3ED2-4283-B2D5-139C64D12E53}.Debug|Any CPU.Build.0 = Debug|Any CPU
		{4F1398D4-3ED2-4283-B2D5-139C64D12E53}.Debug|ARM.ActiveCfg = Debug|ARM
		{4F1398D4-3ED2-4283-B2D5-139C64D12E53}.Debug|ARM.Build.0 = Debug|ARM
		{4F1398D4-3ED2-4283-B2D5-139C64D12E53}.Debug|ARM64.ActiveCfg = Debug|ARM64
		{4F1398D4-3ED2-4283-B2D5-139C64D12E53}.Debug|ARM64.Build.0 = Debug|ARM64
		{4F1398D4-3ED2-4283-B2D5-139C64D12E53}.Debug|x64.ActiveCfg = Debug|x64
		{4F1398D4-3ED2-4283-B2D5-139C64D12E53}.Debug|x64.Build.0 = Debug|x64
		{4F1398D4-3ED2-4283-B2D5-139C64D12E53}.Debug|x86.ActiveCfg = Debug|x86
		{4F1398D4-3ED2-4283-B2D5-139C64D12E53}.Debug|x86.Build.0 = Debug|x86
		{4F1398D4-3ED2-4283-B2D5-139C64D12E53}.Release|Any CPU.ActiveCfg = Release|Any CPU
		{4F1398D4-3ED2-4283-B2D5-139C64D12E53}.Release|Any CPU.Build.0 = Release|Any CPU
		{4F1398D4-3ED2-4283-B2D5-139C64D12E53}.Release|ARM.ActiveCfg = Release|ARM
		{4F1398D4-3ED2-4283-B2D5-139C64D12E53}.Release|ARM.Build.0 = Release|ARM
		{4F1398D4-3ED2-4283-B2D5-139C64D12E53}.Release|ARM64.ActiveCfg = Release|ARM64
		{4F1398D4-3ED2-4283-B2D5-139C64D12E53}.Release|ARM64.Build.0 = Release|ARM64
		{4F1398D4-3ED2-4283-B2D5-139C64D12E53}.Release|x64.ActiveCfg = Release|x64
		{4F1398D4-3ED2-4283-B2D5-139C64D12E53}.Release|x64.Build.0 = Release|x64
		{4F1398D4-3ED2-4283-B2D5-139C64D12E53}.Release|x86.ActiveCfg = Release|x86
		{4F1398D4-3ED2-4283-B2D5-139C64D12E53}.Release|x86.Build.0 = Release|x86
		{FE0CFD7C-29E8-4181-89FD-A3724DA02D37}.Debug|Any CPU.ActiveCfg = Debug|Any CPU
		{FE0CFD7C-29E8-4181-89FD-A3724DA02D37}.Debug|Any CPU.Build.0 = Debug|Any CPU
		{FE0CFD7C-29E8-4181-89FD-A3724DA02D37}.Debug|ARM.ActiveCfg = Debug|ARM
		{FE0CFD7C-29E8-4181-89FD-A3724DA02D37}.Debug|ARM.Build.0 = Debug|ARM
		{FE0CFD7C-29E8-4181-89FD-A3724DA02D37}.Debug|ARM64.ActiveCfg = Debug|ARM64
		{FE0CFD7C-29E8-4181-89FD-A3724DA02D37}.Debug|ARM64.Build.0 = Debug|ARM64
		{FE0CFD7C-29E8-4181-89FD-A3724DA02D37}.Debug|x64.ActiveCfg = Debug|x64
		{FE0CFD7C-29E8-4181-89FD-A3724DA02D37}.Debug|x64.Build.0 = Debug|x64
		{FE0CFD7C-29E8-4181-89FD-A3724DA02D37}.Debug|x86.ActiveCfg = Debug|x86
		{FE0CFD7C-29E8-4181-89FD-A3724DA02D37}.Debug|x86.Build.0 = Debug|x86
		{FE0CFD7C-29E8-4181-89FD-A3724DA02D37}.Release|Any CPU.ActiveCfg = Release|Any CPU
		{FE0CFD7C-29E8-4181-89FD-A3724DA02D37}.Release|Any CPU.Build.0 = Release|Any CPU
		{FE0CFD7C-29E8-4181-89FD-A3724DA02D37}.Release|ARM.ActiveCfg = Release|ARM
		{FE0CFD7C-29E8-4181-89FD-A3724DA02D37}.Release|ARM.Build.0 = Release|ARM
		{FE0CFD7C-29E8-4181-89FD-A3724DA02D37}.Release|ARM64.ActiveCfg = Release|ARM64
		{FE0CFD7C-29E8-4181-89FD-A3724DA02D37}.Release|ARM64.Build.0 = Release|ARM64
		{FE0CFD7C-29E8-4181-89FD-A3724DA02D37}.Release|x64.ActiveCfg = Release|x64
		{FE0CFD7C-29E8-4181-89FD-A3724DA02D37}.Release|x64.Build.0 = Release|x64
		{FE0CFD7C-29E8-4181-89FD-A3724DA02D37}.Release|x86.ActiveCfg = Release|x86
		{FE0CFD7C-29E8-4181-89FD-A3724DA02D37}.Release|x86.Build.0 = Release|x86
		{EFC66CC4-3339-403D-9436-8896891C3AF8}.Debug|Any CPU.ActiveCfg = Debug|Any CPU
		{EFC66CC4-3339-403D-9436-8896891C3AF8}.Debug|Any CPU.Build.0 = Debug|Any CPU
		{EFC66CC4-3339-403D-9436-8896891C3AF8}.Debug|ARM.ActiveCfg = Debug|ARM
		{EFC66CC4-3339-403D-9436-8896891C3AF8}.Debug|ARM.Build.0 = Debug|ARM
		{EFC66CC4-3339-403D-9436-8896891C3AF8}.Debug|ARM64.ActiveCfg = Debug|ARM64
		{EFC66CC4-3339-403D-9436-8896891C3AF8}.Debug|ARM64.Build.0 = Debug|ARM64
		{EFC66CC4-3339-403D-9436-8896891C3AF8}.Debug|x64.ActiveCfg = Debug|x64
		{EFC66CC4-3339-403D-9436-8896891C3AF8}.Debug|x64.Build.0 = Debug|x64
		{EFC66CC4-3339-403D-9436-8896891C3AF8}.Debug|x86.ActiveCfg = Debug|x86
		{EFC66CC4-3339-403D-9436-8896891C3AF8}.Debug|x86.Build.0 = Debug|x86
		{EFC66CC4-3339-403D-9436-8896891C3AF8}.Release|Any CPU.ActiveCfg = Release|Any CPU
		{EFC66CC4-3339-403D-9436-8896891C3AF8}.Release|Any CPU.Build.0 = Release|Any CPU
		{EFC66CC4-3339-403D-9436-8896891C3AF8}.Release|ARM.ActiveCfg = Release|ARM
		{EFC66CC4-3339-403D-9436-8896891C3AF8}.Release|ARM.Build.0 = Release|ARM
		{EFC66CC4-3339-403D-9436-8896891C3AF8}.Release|ARM64.ActiveCfg = Release|ARM64
		{EFC66CC4-3339-403D-9436-8896891C3AF8}.Release|ARM64.Build.0 = Release|ARM64
		{EFC66CC4-3339-403D-9436-8896891C3AF8}.Release|x64.ActiveCfg = Release|x64
		{EFC66CC4-3339-403D-9436-8896891C3AF8}.Release|x64.Build.0 = Release|x64
		{EFC66CC4-3339-403D-9436-8896891C3AF8}.Release|x86.ActiveCfg = Release|x86
		{EFC66CC4-3339-403D-9436-8896891C3AF8}.Release|x86.Build.0 = Release|x86
		{47431F43-3FB4-4677-BB54-3E931FB999ED}.Debug|Any CPU.ActiveCfg = Debug|x86
		{47431F43-3FB4-4677-BB54-3E931FB999ED}.Debug|ARM.ActiveCfg = Debug|ARM
		{47431F43-3FB4-4677-BB54-3E931FB999ED}.Debug|ARM.Build.0 = Debug|ARM
		{47431F43-3FB4-4677-BB54-3E931FB999ED}.Debug|ARM.Deploy.0 = Debug|ARM
		{47431F43-3FB4-4677-BB54-3E931FB999ED}.Debug|ARM64.ActiveCfg = Debug|ARM64
		{47431F43-3FB4-4677-BB54-3E931FB999ED}.Debug|ARM64.Build.0 = Debug|ARM64
		{47431F43-3FB4-4677-BB54-3E931FB999ED}.Debug|ARM64.Deploy.0 = Debug|ARM64
		{47431F43-3FB4-4677-BB54-3E931FB999ED}.Debug|x64.ActiveCfg = Debug|x64
		{47431F43-3FB4-4677-BB54-3E931FB999ED}.Debug|x64.Build.0 = Debug|x64
		{47431F43-3FB4-4677-BB54-3E931FB999ED}.Debug|x64.Deploy.0 = Debug|x64
		{47431F43-3FB4-4677-BB54-3E931FB999ED}.Debug|x86.ActiveCfg = Debug|x86
		{47431F43-3FB4-4677-BB54-3E931FB999ED}.Debug|x86.Build.0 = Debug|x86
		{47431F43-3FB4-4677-BB54-3E931FB999ED}.Debug|x86.Deploy.0 = Debug|x86
		{47431F43-3FB4-4677-BB54-3E931FB999ED}.Release|Any CPU.ActiveCfg = Release|x86
		{47431F43-3FB4-4677-BB54-3E931FB999ED}.Release|ARM.ActiveCfg = Release|ARM
		{47431F43-3FB4-4677-BB54-3E931FB999ED}.Release|ARM.Build.0 = Release|ARM
		{47431F43-3FB4-4677-BB54-3E931FB999ED}.Release|ARM.Deploy.0 = Release|ARM
		{47431F43-3FB4-4677-BB54-3E931FB999ED}.Release|ARM64.ActiveCfg = Release|ARM64
		{47431F43-3FB4-4677-BB54-3E931FB999ED}.Release|ARM64.Build.0 = Release|ARM64
		{47431F43-3FB4-4677-BB54-3E931FB999ED}.Release|ARM64.Deploy.0 = Release|ARM64
		{47431F43-3FB4-4677-BB54-3E931FB999ED}.Release|x64.ActiveCfg = Release|x64
		{47431F43-3FB4-4677-BB54-3E931FB999ED}.Release|x64.Build.0 = Release|x64
		{47431F43-3FB4-4677-BB54-3E931FB999ED}.Release|x64.Deploy.0 = Release|x64
		{47431F43-3FB4-4677-BB54-3E931FB999ED}.Release|x86.ActiveCfg = Release|x86
		{47431F43-3FB4-4677-BB54-3E931FB999ED}.Release|x86.Build.0 = Release|x86
		{47431F43-3FB4-4677-BB54-3E931FB999ED}.Release|x86.Deploy.0 = Release|x86
		{BA5C60BC-A43F-41A8-B372-FA32433E4D7A}.Debug|Any CPU.ActiveCfg = Debug|x86
		{BA5C60BC-A43F-41A8-B372-FA32433E4D7A}.Debug|ARM.ActiveCfg = Debug|ARM
		{BA5C60BC-A43F-41A8-B372-FA32433E4D7A}.Debug|ARM.Build.0 = Debug|ARM
		{BA5C60BC-A43F-41A8-B372-FA32433E4D7A}.Debug|ARM.Deploy.0 = Debug|ARM
		{BA5C60BC-A43F-41A8-B372-FA32433E4D7A}.Debug|ARM64.ActiveCfg = Debug|ARM64
		{BA5C60BC-A43F-41A8-B372-FA32433E4D7A}.Debug|ARM64.Build.0 = Debug|ARM64
		{BA5C60BC-A43F-41A8-B372-FA32433E4D7A}.Debug|ARM64.Deploy.0 = Debug|ARM64
		{BA5C60BC-A43F-41A8-B372-FA32433E4D7A}.Debug|x64.ActiveCfg = Debug|x64
		{BA5C60BC-A43F-41A8-B372-FA32433E4D7A}.Debug|x64.Build.0 = Debug|x64
		{BA5C60BC-A43F-41A8-B372-FA32433E4D7A}.Debug|x64.Deploy.0 = Debug|x64
		{BA5C60BC-A43F-41A8-B372-FA32433E4D7A}.Debug|x86.ActiveCfg = Debug|x86
		{BA5C60BC-A43F-41A8-B372-FA32433E4D7A}.Debug|x86.Build.0 = Debug|x86
		{BA5C60BC-A43F-41A8-B372-FA32433E4D7A}.Debug|x86.Deploy.0 = Debug|x86
		{BA5C60BC-A43F-41A8-B372-FA32433E4D7A}.Release|Any CPU.ActiveCfg = Release|x86
		{BA5C60BC-A43F-41A8-B372-FA32433E4D7A}.Release|ARM.ActiveCfg = Release|ARM
		{BA5C60BC-A43F-41A8-B372-FA32433E4D7A}.Release|ARM.Build.0 = Release|ARM
		{BA5C60BC-A43F-41A8-B372-FA32433E4D7A}.Release|ARM.Deploy.0 = Release|ARM
		{BA5C60BC-A43F-41A8-B372-FA32433E4D7A}.Release|ARM64.ActiveCfg = Release|ARM64
		{BA5C60BC-A43F-41A8-B372-FA32433E4D7A}.Release|ARM64.Build.0 = Release|ARM64
		{BA5C60BC-A43F-41A8-B372-FA32433E4D7A}.Release|ARM64.Deploy.0 = Release|ARM64
		{BA5C60BC-A43F-41A8-B372-FA32433E4D7A}.Release|x64.ActiveCfg = Release|x64
		{BA5C60BC-A43F-41A8-B372-FA32433E4D7A}.Release|x64.Build.0 = Release|x64
		{BA5C60BC-A43F-41A8-B372-FA32433E4D7A}.Release|x64.Deploy.0 = Release|x64
		{BA5C60BC-A43F-41A8-B372-FA32433E4D7A}.Release|x86.ActiveCfg = Release|x86
		{BA5C60BC-A43F-41A8-B372-FA32433E4D7A}.Release|x86.Build.0 = Release|x86
		{BA5C60BC-A43F-41A8-B372-FA32433E4D7A}.Release|x86.Deploy.0 = Release|x86
		{0F315EEA-CFCA-4C52-AE4F-D37F71014975}.Debug|Any CPU.ActiveCfg = Debug|x86
		{0F315EEA-CFCA-4C52-AE4F-D37F71014975}.Debug|ARM.ActiveCfg = Debug|ARM
		{0F315EEA-CFCA-4C52-AE4F-D37F71014975}.Debug|ARM.Build.0 = Debug|ARM
		{0F315EEA-CFCA-4C52-AE4F-D37F71014975}.Debug|ARM.Deploy.0 = Debug|ARM
		{0F315EEA-CFCA-4C52-AE4F-D37F71014975}.Debug|ARM64.ActiveCfg = Debug|ARM64
		{0F315EEA-CFCA-4C52-AE4F-D37F71014975}.Debug|ARM64.Build.0 = Debug|ARM64
		{0F315EEA-CFCA-4C52-AE4F-D37F71014975}.Debug|ARM64.Deploy.0 = Debug|ARM64
		{0F315EEA-CFCA-4C52-AE4F-D37F71014975}.Debug|x64.ActiveCfg = Debug|x64
		{0F315EEA-CFCA-4C52-AE4F-D37F71014975}.Debug|x64.Build.0 = Debug|x64
		{0F315EEA-CFCA-4C52-AE4F-D37F71014975}.Debug|x64.Deploy.0 = Debug|x64
		{0F315EEA-CFCA-4C52-AE4F-D37F71014975}.Debug|x86.ActiveCfg = Debug|x86
		{0F315EEA-CFCA-4C52-AE4F-D37F71014975}.Debug|x86.Build.0 = Debug|x86
		{0F315EEA-CFCA-4C52-AE4F-D37F71014975}.Debug|x86.Deploy.0 = Debug|x86
		{0F315EEA-CFCA-4C52-AE4F-D37F71014975}.Release|Any CPU.ActiveCfg = Release|x86
		{0F315EEA-CFCA-4C52-AE4F-D37F71014975}.Release|ARM.ActiveCfg = Release|ARM
		{0F315EEA-CFCA-4C52-AE4F-D37F71014975}.Release|ARM.Build.0 = Release|ARM
		{0F315EEA-CFCA-4C52-AE4F-D37F71014975}.Release|ARM.Deploy.0 = Release|ARM
		{0F315EEA-CFCA-4C52-AE4F-D37F71014975}.Release|ARM64.ActiveCfg = Release|ARM64
		{0F315EEA-CFCA-4C52-AE4F-D37F71014975}.Release|ARM64.Build.0 = Release|ARM64
		{0F315EEA-CFCA-4C52-AE4F-D37F71014975}.Release|ARM64.Deploy.0 = Release|ARM64
		{0F315EEA-CFCA-4C52-AE4F-D37F71014975}.Release|x64.ActiveCfg = Release|x64
		{0F315EEA-CFCA-4C52-AE4F-D37F71014975}.Release|x64.Build.0 = Release|x64
		{0F315EEA-CFCA-4C52-AE4F-D37F71014975}.Release|x64.Deploy.0 = Release|x64
		{0F315EEA-CFCA-4C52-AE4F-D37F71014975}.Release|x86.ActiveCfg = Release|x86
		{0F315EEA-CFCA-4C52-AE4F-D37F71014975}.Release|x86.Build.0 = Release|x86
		{0F315EEA-CFCA-4C52-AE4F-D37F71014975}.Release|x86.Deploy.0 = Release|x86
		{0EF95E78-790B-4E20-B06E-ADA023EAAF4C}.Debug|Any CPU.ActiveCfg = Debug|Any CPU
		{0EF95E78-790B-4E20-B06E-ADA023EAAF4C}.Debug|Any CPU.Build.0 = Debug|Any CPU
		{0EF95E78-790B-4E20-B06E-ADA023EAAF4C}.Debug|ARM.ActiveCfg = Debug|ARM
		{0EF95E78-790B-4E20-B06E-ADA023EAAF4C}.Debug|ARM.Build.0 = Debug|ARM
		{0EF95E78-790B-4E20-B06E-ADA023EAAF4C}.Debug|ARM64.ActiveCfg = Debug|ARM64
		{0EF95E78-790B-4E20-B06E-ADA023EAAF4C}.Debug|ARM64.Build.0 = Debug|ARM64
		{0EF95E78-790B-4E20-B06E-ADA023EAAF4C}.Debug|x64.ActiveCfg = Debug|x64
		{0EF95E78-790B-4E20-B06E-ADA023EAAF4C}.Debug|x64.Build.0 = Debug|x64
		{0EF95E78-790B-4E20-B06E-ADA023EAAF4C}.Debug|x86.ActiveCfg = Debug|x86
		{0EF95E78-790B-4E20-B06E-ADA023EAAF4C}.Debug|x86.Build.0 = Debug|x86
		{0EF95E78-790B-4E20-B06E-ADA023EAAF4C}.Release|Any CPU.ActiveCfg = Release|Any CPU
		{0EF95E78-790B-4E20-B06E-ADA023EAAF4C}.Release|Any CPU.Build.0 = Release|Any CPU
		{0EF95E78-790B-4E20-B06E-ADA023EAAF4C}.Release|ARM.ActiveCfg = Release|ARM
		{0EF95E78-790B-4E20-B06E-ADA023EAAF4C}.Release|ARM.Build.0 = Release|ARM
		{0EF95E78-790B-4E20-B06E-ADA023EAAF4C}.Release|ARM64.ActiveCfg = Release|ARM64
		{0EF95E78-790B-4E20-B06E-ADA023EAAF4C}.Release|ARM64.Build.0 = Release|ARM64
		{0EF95E78-790B-4E20-B06E-ADA023EAAF4C}.Release|x64.ActiveCfg = Release|x64
		{0EF95E78-790B-4E20-B06E-ADA023EAAF4C}.Release|x64.Build.0 = Release|x64
		{0EF95E78-790B-4E20-B06E-ADA023EAAF4C}.Release|x86.ActiveCfg = Release|x86
		{0EF95E78-790B-4E20-B06E-ADA023EAAF4C}.Release|x86.Build.0 = Release|x86
		{F64D6BFC-383D-45A9-834F-F4F267373772}.Debug|Any CPU.ActiveCfg = Debug|Any CPU
		{F64D6BFC-383D-45A9-834F-F4F267373772}.Debug|Any CPU.Build.0 = Debug|Any CPU
		{F64D6BFC-383D-45A9-834F-F4F267373772}.Debug|ARM.ActiveCfg = Debug|ARM
		{F64D6BFC-383D-45A9-834F-F4F267373772}.Debug|ARM.Build.0 = Debug|ARM
		{F64D6BFC-383D-45A9-834F-F4F267373772}.Debug|ARM64.ActiveCfg = Debug|ARM64
		{F64D6BFC-383D-45A9-834F-F4F267373772}.Debug|ARM64.Build.0 = Debug|ARM64
		{F64D6BFC-383D-45A9-834F-F4F267373772}.Debug|x64.ActiveCfg = Debug|x64
		{F64D6BFC-383D-45A9-834F-F4F267373772}.Debug|x64.Build.0 = Debug|x64
		{F64D6BFC-383D-45A9-834F-F4F267373772}.Debug|x86.ActiveCfg = Debug|x86
		{F64D6BFC-383D-45A9-834F-F4F267373772}.Debug|x86.Build.0 = Debug|x86
		{F64D6BFC-383D-45A9-834F-F4F267373772}.Release|Any CPU.ActiveCfg = Release|Any CPU
		{F64D6BFC-383D-45A9-834F-F4F267373772}.Release|Any CPU.Build.0 = Release|Any CPU
		{F64D6BFC-383D-45A9-834F-F4F267373772}.Release|ARM.ActiveCfg = Release|ARM
		{F64D6BFC-383D-45A9-834F-F4F267373772}.Release|ARM.Build.0 = Release|ARM
		{F64D6BFC-383D-45A9-834F-F4F267373772}.Release|ARM64.ActiveCfg = Release|ARM64
		{F64D6BFC-383D-45A9-834F-F4F267373772}.Release|ARM64.Build.0 = Release|ARM64
		{F64D6BFC-383D-45A9-834F-F4F267373772}.Release|x64.ActiveCfg = Release|x64
		{F64D6BFC-383D-45A9-834F-F4F267373772}.Release|x64.Build.0 = Release|x64
		{F64D6BFC-383D-45A9-834F-F4F267373772}.Release|x86.ActiveCfg = Release|x86
		{F64D6BFC-383D-45A9-834F-F4F267373772}.Release|x86.Build.0 = Release|x86
	EndGlobalSection
	GlobalSection(SolutionProperties) = preSolution
		HideSolutionNode = FALSE
	EndGlobalSection
	GlobalSection(NestedProjects) = preSolution
		{4F1398D4-3ED2-4283-B2D5-139C64D12E53} = {BB0BBDE2-150F-4D31-A257-D9545BF5F8CD}
		{FE0CFD7C-29E8-4181-89FD-A3724DA02D37} = {BB0BBDE2-150F-4D31-A257-D9545BF5F8CD}
		{BA5C60BC-A43F-41A8-B372-FA32433E4D7A} = {5F00412C-9E43-486B-94FF-43426788BBA5}
		{0F315EEA-CFCA-4C52-AE4F-D37F71014975} = {5F00412C-9E43-486B-94FF-43426788BBA5}
		{0EF95E78-790B-4E20-B06E-ADA023EAAF4C} = {BB0BBDE2-150F-4D31-A257-D9545BF5F8CD}
		{F64D6BFC-383D-45A9-834F-F4F267373772} = {BB0BBDE2-150F-4D31-A257-D9545BF5F8CD}
	EndGlobalSection
	GlobalSection(ExtensibilityGlobals) = postSolution
		SolutionGuid = {4D4DFBBE-A1F8-4640-9DB3-D147554B6771}
	EndGlobalSection
EndGlobal
